
Microsoft Visual Studio Solution File, Format Version 12.00
# Visual Studio Version 16
VisualStudioVersion = 16.0.29613.14
MinimumVisualStudioVersion = 10.0.40219.1
Project("{8BC9CEB8-8B4A-11D0-8D11-00A0C91BC942}") = "linked-lists", "linked-lists.vcxproj", "{BACAC676-2A92-400E-B86E-0CDEC7DFD386}"
EndProject
Global
	GlobalSection(SolutionConfigurationPlatforms) = preSolution
		Debug|x64 = Debug|x64
		Debug|x86 = Debug|x86
		Release|x64 = Release|x64
		Release|x86 = Release|x86
	EndGlobalSection
	GlobalSection(ProjectConfigurationPlatforms) = postSolution
		{BACAC676-2A92-400E-B86E-0CDEC7DFD386}.Debug|x64.ActiveCfg = Debug|x64
		{BACAC676-2A92-400E-B86E-0CDEC7DFD386}.Debug|x64.Build.0 = Debug|x64
		{BACAC676-2A92-400E-B86E-0CDEC7DFD386}.Debug|x86.ActiveCfg = Debug|Win32
		{BACAC676-2A92-400E-B86E-0CDEC7DFD386}.Debug|x86.Build.0 = Debug|Win32
		{BACAC676-2A92-400E-B86E-0CDEC7DFD386}.Release|x64.ActiveCfg = Release|x64
		{BACAC676-2A92-400E-B86E-0CDEC7DFD386}.Release|x64.Build.0 = Release|x64
		{BACAC676-2A92-400E-B86E-0CDEC7DFD386}.Release|x86.ActiveCfg = Release|Win32
		{BACAC676-2A92-400E-B86E-0CDEC7DFD386}.Release|x86.Build.0 = Release|Win32
	EndGlobalSection
	GlobalSection(SolutionProperties) = preSolution
		HideSolutionNode = FALSE
	EndGlobalSection
	GlobalSection(ExtensibilityGlobals) = postSolution
		SolutionGuid = {B7B9F4F0-A84E-4374-A20F-DF00037E6837}
	EndGlobalSection
EndGlobal
