
Microsoft Visual Studio Solution File, Format Version 12.00
# Visual Studio 14
VisualStudioVersion = 14.0.25420.1
MinimumVisualStudioVersion = 10.0.40219.1
Project("{8BC9CEB8-8B4A-11D0-8D11-00A0C91BC942}") = "student", "student\student.vcxproj", "{76849924-5412-49A0-83E6-8593E5D809B2}"
EndProject
Project("{8BC9CEB8-8B4A-11D0-8D11-00A0C91BC942}") = "solution", "solution\solution.vcxproj", "{4915BF60-F9E3-41A6-9F16-8ED3C574C344}"
EndProject
Global
	GlobalSection(SolutionConfigurationPlatforms) = preSolution
		Debug|x64 = Debug|x64
		Debug|x86 = Debug|x86
		Release|x64 = Release|x64
		Release|x86 = Release|x86
	EndGlobalSection
	GlobalSection(ProjectConfigurationPlatforms) = postSolution
		{76849924-5412-49A0-83E6-8593E5D809B2}.Debug|x64.ActiveCfg = Debug|x64
		{76849924-5412-49A0-83E6-8593E5D809B2}.Debug|x64.Build.0 = Debug|x64
		{76849924-5412-49A0-83E6-8593E5D809B2}.Debug|x86.ActiveCfg = Debug|Win32
		{76849924-5412-49A0-83E6-8593E5D809B2}.Debug|x86.Build.0 = Debug|Win32
		{76849924-5412-49A0-83E6-8593E5D809B2}.Release|x64.ActiveCfg = Release|x64
		{76849924-5412-49A0-83E6-8593E5D809B2}.Release|x64.Build.0 = Release|x64
		{76849924-5412-49A0-83E6-8593E5D809B2}.Release|x86.ActiveCfg = Release|Win32
		{76849924-5412-49A0-83E6-8593E5D809B2}.Release|x86.Build.0 = Release|Win32
		{4915BF60-F9E3-41A6-9F16-8ED3C574C344}.Debug|x64.ActiveCfg = Debug|x64
		{4915BF60-F9E3-41A6-9F16-8ED3C574C344}.Debug|x64.Build.0 = Debug|x64
		{4915BF60-F9E3-41A6-9F16-8ED3C574C344}.Debug|x86.ActiveCfg = Debug|Win32
		{4915BF60-F9E3-41A6-9F16-8ED3C574C344}.Debug|x86.Build.0 = Debug|Win32
		{4915BF60-F9E3-41A6-9F16-8ED3C574C344}.Release|x64.ActiveCfg = Release|x64
		{4915BF60-F9E3-41A6-9F16-8ED3C574C344}.Release|x64.Build.0 = Release|x64
		{4915BF60-F9E3-41A6-9F16-8ED3C574C344}.Release|x86.ActiveCfg = Release|Win32
		{4915BF60-F9E3-41A6-9F16-8ED3C574C344}.Release|x86.Build.0 = Release|Win32
	EndGlobalSection
	GlobalSection(SolutionProperties) = preSolution
		HideSolutionNode = FALSE
	EndGlobalSection
EndGlobal
